
Microsoft Visual Studio Solution File, Format Version 12.00
# Visual Studio Version 16
VisualStudioVersion = 16.0.29020.237
MinimumVisualStudioVersion = 10.0.40219.1
Project("{8BC9CEB8-8B4A-11D0-8D11-00A0C91BC942}") = "file_carving", "file_carving\file_carving.vcxproj", "{B91B7F3F-17F2-4427-826E-EA6131FD593E}"
EndProject
Global
	GlobalSection(SolutionConfigurationPlatforms) = preSolution
		Debug|ARM = Debug|ARM
		Debug|ARM64 = Debug|ARM64
		Debug|x64 = Debug|x64
		Debug|x86 = Debug|x86
		Release|ARM = Release|ARM
		Release|ARM64 = Release|ARM64
		Release|x64 = Release|x64
		Release|x86 = Release|x86
	EndGlobalSection
	GlobalSection(ProjectConfigurationPlatforms) = postSolution
		{B91B7F3F-17F2-4427-826E-EA6131FD593E}.Debug|ARM.ActiveCfg = Debug|ARM
		{B91B7F3F-17F2-4427-826E-EA6131FD593E}.Debug|ARM.Build.0 = Debug|ARM
		{B91B7F3F-17F2-4427-826E-EA6131FD593E}.Debug|ARM.Deploy.0 = Debug|ARM
		{B91B7F3F-17F2-4427-826E-EA6131FD593E}.Debug|ARM64.ActiveCfg = Debug|ARM64
		{B91B7F3F-17F2-4427-826E-EA6131FD593E}.Debug|ARM64.Build.0 = Debug|ARM64
		{B91B7F3F-17F2-4427-826E-EA6131FD593E}.Debug|ARM64.Deploy.0 = Debug|ARM64
		{B91B7F3F-17F2-4427-826E-EA6131FD593E}.Debug|x64.ActiveCfg = Debug|x64
		{B91B7F3F-17F2-4427-826E-EA6131FD593E}.Debug|x64.Build.0 = Debug|x64
		{B91B7F3F-17F2-4427-826E-EA6131FD593E}.Debug|x64.Deploy.0 = Debug|x64
		{B91B7F3F-17F2-4427-826E-EA6131FD593E}.Debug|x86.ActiveCfg = Debug|x86
		{B91B7F3F-17F2-4427-826E-EA6131FD593E}.Debug|x86.Build.0 = Debug|x86
		{B91B7F3F-17F2-4427-826E-EA6131FD593E}.Debug|x86.Deploy.0 = Debug|x86
		{B91B7F3F-17F2-4427-826E-EA6131FD593E}.Release|ARM.ActiveCfg = Release|ARM
		{B91B7F3F-17F2-4427-826E-EA6131FD593E}.Release|ARM.Build.0 = Release|ARM
		{B91B7F3F-17F2-4427-826E-EA6131FD593E}.Release|ARM.Deploy.0 = Release|ARM
		{B91B7F3F-17F2-4427-826E-EA6131FD593E}.Release|ARM64.ActiveCfg = Release|ARM64
		{B91B7F3F-17F2-4427-826E-EA6131FD593E}.Release|ARM64.Build.0 = Release|ARM64
		{B91B7F3F-17F2-4427-826E-EA6131FD593E}.Release|ARM64.Deploy.0 = Release|ARM64
		{B91B7F3F-17F2-4427-826E-EA6131FD593E}.Release|x64.ActiveCfg = Release|x64
		{B91B7F3F-17F2-4427-826E-EA6131FD593E}.Release|x64.Build.0 = Release|x64
		{B91B7F3F-17F2-4427-826E-EA6131FD593E}.Release|x64.Deploy.0 = Release|x64
		{B91B7F3F-17F2-4427-826E-EA6131FD593E}.Release|x86.ActiveCfg = Release|x86
		{B91B7F3F-17F2-4427-826E-EA6131FD593E}.Release|x86.Build.0 = Release|x86
		{B91B7F3F-17F2-4427-826E-EA6131FD593E}.Release|x86.Deploy.0 = Release|x86
	EndGlobalSection
	GlobalSection(SolutionProperties) = preSolution
		HideSolutionNode = FALSE
	EndGlobalSection
	GlobalSection(ExtensibilityGlobals) = postSolution
		SolutionGuid = {4A8D9623-8F8D-463D-B33E-2599DAD163AF}
	EndGlobalSection
EndGlobal
